
Microsoft Visual Studio Solution File, Format Version 12.00
# Visual Studio Version 16
VisualStudioVersion = 16.0.29519.87
MinimumVisualStudioVersion = 10.0.40219.1
Project("{FAE04EC0-301F-11D3-BF4B-00C04F79EFBC}") = "CuaHangBanDia", "CuaHangBanDia.csproj", "{721E1679-8628-46C6-AC26-C98564540FD1}"
EndProject
Global
	GlobalSection(SolutionConfigurationPlatforms) = preSolution
		Debug|Any CPU = Debug|Any CPU
		Release|Any CPU = Release|Any CPU
	EndGlobalSection
	GlobalSection(ProjectConfigurationPlatforms) = postSolution
		{721E1679-8628-46C6-AC26-C98564540FD1}.Debug|Any CPU.ActiveCfg = Debug|Any CPU
		{721E1679-8628-46C6-AC26-C98564540FD1}.Debug|Any CPU.Build.0 = Debug|Any CPU
		{721E1679-8628-46C6-AC26-C98564540FD1}.Release|Any CPU.ActiveCfg = Release|Any CPU
		{721E1679-8628-46C6-AC26-C98564540FD1}.Release|Any CPU.Build.0 = Release|Any CPU
	EndGlobalSection
	GlobalSection(SolutionProperties) = preSolution
		HideSolutionNode = FALSE
	EndGlobalSection
	GlobalSection(ExtensibilityGlobals) = postSolution
		SolutionGuid = {F3D3E29A-B458-471D-A88E-4C036EA0CFE0}
	EndGlobalSection
EndGlobal
